
Microsoft Visual Studio Solution File, Format Version 12.00
# Visual Studio Version 17
VisualStudioVersion = 17.11.35327.3
MinimumVisualStudioVersion = 10.0.40219.1
Project("{FAE04EC0-301F-11D3-BF4B-00C04F79EFBC}") = "SolidPrinciples", "SolidPrinciples\SolidPrinciples.csproj", "{CAB03A0A-F906-4C39-9F00-B41B62F411A8}"
EndProject
Project("{9A19103F-16F7-4668-BE54-9A1E7A4F7556}") = "Notification Service", "Notification Service\Notification Service\Notification Service.csproj", "{17322CD8-83C9-4F8E-9BC9-3A392EF3441E}"
EndProject
Project("{9A19103F-16F7-4668-BE54-9A1E7A4F7556}") = "NotificationService-SRP", "Notification Service\Notification Service(SRP)\NotificationService-SRP.csproj", "{4AA218DE-F114-4000-B815-84D1DD7F6A8A}"
EndProject
Global
	GlobalSection(SolutionConfigurationPlatforms) = preSolution
		Debug|Any CPU = Debug|Any CPU
		Release|Any CPU = Release|Any CPU
	EndGlobalSection
	GlobalSection(ProjectConfigurationPlatforms) = postSolution
		{CAB03A0A-F906-4C39-9F00-B41B62F411A8}.Debug|Any CPU.ActiveCfg = Debug|Any CPU
		{CAB03A0A-F906-4C39-9F00-B41B62F411A8}.Debug|Any CPU.Build.0 = Debug|Any CPU
		{CAB03A0A-F906-4C39-9F00-B41B62F411A8}.Release|Any CPU.ActiveCfg = Release|Any CPU
		{CAB03A0A-F906-4C39-9F00-B41B62F411A8}.Release|Any CPU.Build.0 = Release|Any CPU
		{17322CD8-83C9-4F8E-9BC9-3A392EF3441E}.Debug|Any CPU.ActiveCfg = Debug|Any CPU
		{17322CD8-83C9-4F8E-9BC9-3A392EF3441E}.Debug|Any CPU.Build.0 = Debug|Any CPU
		{17322CD8-83C9-4F8E-9BC9-3A392EF3441E}.Release|Any CPU.ActiveCfg = Release|Any CPU
		{17322CD8-83C9-4F8E-9BC9-3A392EF3441E}.Release|Any CPU.Build.0 = Release|Any CPU
		{4AA218DE-F114-4000-B815-84D1DD7F6A8A}.Debug|Any CPU.ActiveCfg = Debug|Any CPU
		{4AA218DE-F114-4000-B815-84D1DD7F6A8A}.Debug|Any CPU.Build.0 = Debug|Any CPU
		{4AA218DE-F114-4000-B815-84D1DD7F6A8A}.Release|Any CPU.ActiveCfg = Release|Any CPU
		{4AA218DE-F114-4000-B815-84D1DD7F6A8A}.Release|Any CPU.Build.0 = Release|Any CPU
	EndGlobalSection
	GlobalSection(SolutionProperties) = preSolution
		HideSolutionNode = FALSE
	EndGlobalSection
	GlobalSection(ExtensibilityGlobals) = postSolution
		SolutionGuid = {F9580326-7B2D-4839-A187-B5D85F31E0FF}
	EndGlobalSection
EndGlobal
